// !$*UTF8*$!
{
	archiveVersion = 1;
	classes = {
	};
	objectVersion = 46;
	objects = {

/* Begin PBXBuildFile section */
		1F0D4CA216B06E4000A7E010 /* BlockCategory.m in Sources */ = {isa = PBXBuildFile; fileRef = 1F0D4CA116B06E4000A7E010 /* BlockCategory.m */; };
		1F0D4CA516B079DB00A7E010 /* GroupBlockViewController.xib in Resources */ = {isa = PBXBuildFile; fileRef = 1F0D4CA416B079DB00A7E010 /* GroupBlockViewController.xib */; };
		1F153A4F167FEF480046C7EC /* BAKeyboardTracker.m in Sources */ = {isa = PBXBuildFile; fileRef = 1F153A4E167FEF480046C7EC /* BAKeyboardTracker.m */; };
		1F356FC016B8617F00F1BA1A /* DDLog.m in Sources */ = {isa = PBXBuildFile; fileRef = 1F356FBF16B8617F00F1BA1A /* DDLog.m */; };
		1F356FC516B8618B00F1BA1A /* GCDAsyncSocket.m in Sources */ = {isa = PBXBuildFile; fileRef = 1F356FC216B8618B00F1BA1A /* GCDAsyncSocket.m */; };
		1F356FC616B8618B00F1BA1A /* GCDAsyncUdpSocket.m in Sources */ = {isa = PBXBuildFile; fileRef = 1F356FC416B8618B00F1BA1A /* GCDAsyncUdpSocket.m */; };
		1F356FC716B861C800F1BA1A /* CFNetwork.framework in Frameworks */ = {isa = PBXBuildFile; fileRef = 1FF1118E167BB2B800972344 /* CFNetwork.framework */; };
		1F356FC916B8621400F1BA1A /* Security.framework in Frameworks */ = {isa = PBXBuildFile; fileRef = 1F356FC816B8621400F1BA1A /* Security.framework */; };
		1F356FCC16B8640600F1BA1A /* UDPReceiverBlock.m in Sources */ = {isa = PBXBuildFile; fileRef = 1F356FCB16B8640600F1BA1A /* UDPReceiverBlock.m */; };
		1F59A5631697924700F744C3 /* Icon.png in Resources */ = {isa = PBXBuildFile; fileRef = 1F59A5611697924700F744C3 /* Icon.png */; };
		1F59A5641697924700F744C3 /* Icon@2x.png in Resources */ = {isa = PBXBuildFile; fileRef = 1F59A5621697924700F744C3 /* Icon@2x.png */; };
		1F59A5681697941000F744C3 /* TouchInputView.m in Sources */ = {isa = PBXBuildFile; fileRef = 1F59A5671697941000F744C3 /* TouchInputView.m */; };
		1F59A576169B4CDA00F744C3 /* TouchInputViewController.m in Sources */ = {isa = PBXBuildFile; fileRef = 1F59A575169B4CDA00F744C3 /* TouchInputViewController.m */; };
		1F59A579169B4F9D00F744C3 /* UIView+BACookie.m in Sources */ = {isa = PBXBuildFile; fileRef = 1F59A578169B4F9D00F744C3 /* UIView+BACookie.m */; };
		1F5A9A8616A6E16900E1CB0C /* mdump.c in Sources */ = {isa = PBXBuildFile; fileRef = 1F5A9A7016A6E0C400E1CB0C /* mdump.c */; };
		1F67136E16A44FD300408994 /* Workspace.m in Sources */ = {isa = PBXBuildFile; fileRef = 1F67136D16A44FD300408994 /* Workspace.m */; };
		1F6F330616A8ABFD00C1AE84 /* SineBlock.m in Sources */ = {isa = PBXBuildFile; fileRef = 1F6F330516A8ABFD00C1AE84 /* SineBlock.m */; };
		1F6F330916A8B40400C1AE84 /* AverageOptionCell.m in Sources */ = {isa = PBXBuildFile; fileRef = 1F6F330816A8B40400C1AE84 /* AverageOptionCell.m */; };
		1F6F330B16A8B42400C1AE84 /* AverageOptionCell.xib in Resources */ = {isa = PBXBuildFile; fileRef = 1F6F330A16A8B42400C1AE84 /* AverageOptionCell.xib */; };
		1F80CD2E16A0BED400211FF8 /* BlockOptionsViewController.m in Sources */ = {isa = PBXBuildFile; fileRef = 1F80CD2D16A0BED400211FF8 /* BlockOptionsViewController.m */; };
		1F80CD3116A0CD0A00211FF8 /* SocketOptionCell.m in Sources */ = {isa = PBXBuildFile; fileRef = 1F80CD3016A0CD0A00211FF8 /* SocketOptionCell.m */; };
		1F80CD3316A0CD7300211FF8 /* SocketOptionCell.xib in Resources */ = {isa = PBXBuildFile; fileRef = 1F80CD3216A0CD7300211FF8 /* SocketOptionCell.xib */; };
		1F83F1DB168002D80014CFDD /* README.txt in Resources */ = {isa = PBXBuildFile; fileRef = 1F83F1DA168002D80014CFDD /* README.txt */; };
		1F96CD66167EED1B00C63FEE /* UITableView+BALoading.m in Sources */ = {isa = PBXBuildFile; fileRef = 1F96CD65167EED1B00C63FEE /* UITableView+BALoading.m */; };
		1FA5A42A16B881F20069F418 /* WorkspacesViewController.m in Sources */ = {isa = PBXBuildFile; fileRef = 1FA5A42916B881F20069F418 /* WorkspacesViewController.m */; };
		1FC76E3C169DFFDE003BDDF8 /* Signal.m in Sources */ = {isa = PBXBuildFile; fileRef = 1FC76E3B169DFFDE003BDDF8 /* Signal.m */; };
		1FC76E40169E07B3003BDDF8 /* Block.m in Sources */ = {isa = PBXBuildFile; fileRef = 1FC76E3F169E07B3003BDDF8 /* Block.m */; };
		1FC76E43169E1092003BDDF8 /* UDPSenderBlock.m in Sources */ = {isa = PBXBuildFile; fileRef = 1FC76E42169E1092003BDDF8 /* UDPSenderBlock.m */; };
		1FC76E46169E1B59003BDDF8 /* MotionBlock.m in Sources */ = {isa = PBXBuildFile; fileRef = 1FC76E45169E1B59003BDDF8 /* MotionBlock.m */; };
		1FC76E4C169E2507003BDDF8 /* LocationBlock.m in Sources */ = {isa = PBXBuildFile; fileRef = 1FC76E4B169E2506003BDDF8 /* LocationBlock.m */; };
		1FC76E4F169E27EB003BDDF8 /* LoggingBlock.m in Sources */ = {isa = PBXBuildFile; fileRef = 1FC76E4E169E27EA003BDDF8 /* LoggingBlock.m */; };
		1FC76E53169E2CB2003BDDF8 /* ProximityBlock.m in Sources */ = {isa = PBXBuildFile; fileRef = 1FC76E52169E2CB2003BDDF8 /* ProximityBlock.m */; };
		1FC76E56169E2F57003BDDF8 /* TouchInputBlock.m in Sources */ = {isa = PBXBuildFile; fileRef = 1FC76E55169E2F57003BDDF8 /* TouchInputBlock.m */; };
		1FC76E59169F09B0003BDDF8 /* GroupBlock.m in Sources */ = {isa = PBXBuildFile; fileRef = 1FC76E58169F09B0003BDDF8 /* GroupBlock.m */; };
		1FC76E5C169F14B5003BDDF8 /* SequencerBlock.m in Sources */ = {isa = PBXBuildFile; fileRef = 1FC76E5B169F14B5003BDDF8 /* SequencerBlock.m */; };
		1FC76E80169F6963003BDDF8 /* GroupBlockViewController.m in Sources */ = {isa = PBXBuildFile; fileRef = 1FC76E7F169F6963003BDDF8 /* GroupBlockViewController.m */; };
		1FF11164167BAAD100972344 /* UIKit.framework in Frameworks */ = {isa = PBXBuildFile; fileRef = 1FF11163167BAAD100972344 /* UIKit.framework */; };
		1FF11166167BAAD100972344 /* Foundation.framework in Frameworks */ = {isa = PBXBuildFile; fileRef = 1FF11165167BAAD100972344 /* Foundation.framework */; };
		1FF11168167BAAD100972344 /* CoreGraphics.framework in Frameworks */ = {isa = PBXBuildFile; fileRef = 1FF11167167BAAD100972344 /* CoreGraphics.framework */; };
		1FF1116E167BAAD100972344 /* InfoPlist.strings in Resources */ = {isa = PBXBuildFile; fileRef = 1FF1116C167BAAD100972344 /* InfoPlist.strings */; };
		1FF11170167BAAD100972344 /* main.m in Sources */ = {isa = PBXBuildFile; fileRef = 1FF1116F167BAAD100972344 /* main.m */; };
		1FF11174167BAAD100972344 /* AppDelegate.m in Sources */ = {isa = PBXBuildFile; fileRef = 1FF11173167BAAD100972344 /* AppDelegate.m */; };
		1FF11176167BAAD100972344 /* Default.png in Resources */ = {isa = PBXBuildFile; fileRef = 1FF11175167BAAD100972344 /* Default.png */; };
		1FF11178167BAAD100972344 /* Default@2x.png in Resources */ = {isa = PBXBuildFile; fileRef = 1FF11177167BAAD100972344 /* Default@2x.png */; };
		1FF1117A167BAAD100972344 /* Default-568h@2x.png in Resources */ = {isa = PBXBuildFile; fileRef = 1FF11179167BAAD100972344 /* Default-568h@2x.png */; };
		1FF1118B167BAD1E00972344 /* CoreLocation.framework in Frameworks */ = {isa = PBXBuildFile; fileRef = 1FF1118A167BAD1E00972344 /* CoreLocation.framework */; };
		1FF1118D167BAD2600972344 /* CoreMotion.framework in Frameworks */ = {isa = PBXBuildFile; fileRef = 1FF1118C167BAD2600972344 /* CoreMotion.framework */; };
		1FFDFF56169771800049B8DF /* FrequencyOptionCell.m in Sources */ = {isa = PBXBuildFile; fileRef = 1FFDFF551697717F0049B8DF /* FrequencyOptionCell.m */; };
		1FFDFF5A169772AF0049B8DF /* FrequencyOptionCell.xib in Resources */ = {isa = PBXBuildFile; fileRef = 1FFDFF59169772AF0049B8DF /* FrequencyOptionCell.xib */; };
/* End PBXBuildFile section */

/* Begin PBXCopyFilesBuildPhase section */
		1F5A9A7916A6E12700E1CB0C /* CopyFiles */ = {
			isa = PBXCopyFilesBuildPhase;
			buildActionMask = 12;
			dstPath = /usr/share/man/man1/;
			dstSubfolderSpec = 0;
			files = (
			);
			runOnlyForDeploymentPostprocessing = 0;
		};
/* End PBXCopyFilesBuildPhase section */

/* Begin PBXFileReference section */
		1F0D4CA016B06E4000A7E010 /* BlockCategory.h */ = {isa = PBXFileReference; fileEncoding = 4; lastKnownFileType = sourcecode.c.h; path = BlockCategory.h; sourceTree = "<group>"; };
		1F0D4CA116B06E4000A7E010 /* BlockCategory.m */ = {isa = PBXFileReference; fileEncoding = 4; lastKnownFileType = sourcecode.c.objc; path = BlockCategory.m; sourceTree = "<group>"; };
		1F0D4CA416B079DB00A7E010 /* GroupBlockViewController.xib */ = {isa = PBXFileReference; fileEncoding = 4; lastKnownFileType = file.xib; path = GroupBlockViewController.xib; sourceTree = "<group>"; };
		1F153A4D167FEF480046C7EC /* BAKeyboardTracker.h */ = {isa = PBXFileReference; fileEncoding = 4; lastKnownFileType = sourcecode.c.h; path = BAKeyboardTracker.h; sourceTree = "<group>"; };
		1F153A4E167FEF480046C7EC /* BAKeyboardTracker.m */ = {isa = PBXFileReference; fileEncoding = 4; lastKnownFileType = sourcecode.c.objc; path = BAKeyboardTracker.m; sourceTree = "<group>"; };
		1F356FBE16B8617F00F1BA1A /* DDLog.h */ = {isa = PBXFileReference; fileEncoding = 4; lastKnownFileType = sourcecode.c.h; path = DDLog.h; sourceTree = "<group>"; };
		1F356FBF16B8617F00F1BA1A /* DDLog.m */ = {isa = PBXFileReference; fileEncoding = 4; lastKnownFileType = sourcecode.c.objc; path = DDLog.m; sourceTree = "<group>"; };
		1F356FC116B8618B00F1BA1A /* GCDAsyncSocket.h */ = {isa = PBXFileReference; fileEncoding = 4; lastKnownFileType = sourcecode.c.h; path = GCDAsyncSocket.h; sourceTree = "<group>"; };
		1F356FC216B8618B00F1BA1A /* GCDAsyncSocket.m */ = {isa = PBXFileReference; fileEncoding = 4; lastKnownFileType = sourcecode.c.objc; path = GCDAsyncSocket.m; sourceTree = "<group>"; };
		1F356FC316B8618B00F1BA1A /* GCDAsyncUdpSocket.h */ = {isa = PBXFileReference; fileEncoding = 4; lastKnownFileType = sourcecode.c.h; path = GCDAsyncUdpSocket.h; sourceTree = "<group>"; };
		1F356FC416B8618B00F1BA1A /* GCDAsyncUdpSocket.m */ = {isa = PBXFileReference; fileEncoding = 4; lastKnownFileType = sourcecode.c.objc; path = GCDAsyncUdpSocket.m; sourceTree = "<group>"; };
		1F356FC816B8621400F1BA1A /* Security.framework */ = {isa = PBXFileReference; lastKnownFileType = wrapper.framework; name = Security.framework; path = System/Library/Frameworks/Security.framework; sourceTree = SDKROOT; };
		1F356FCA16B8640600F1BA1A /* UDPReceiverBlock.h */ = {isa = PBXFileReference; fileEncoding = 4; lastKnownFileType = sourcecode.c.h; path = UDPReceiverBlock.h; sourceTree = "<group>"; };
		1F356FCB16B8640600F1BA1A /* UDPReceiverBlock.m */ = {isa = PBXFileReference; fileEncoding = 4; lastKnownFileType = sourcecode.c.objc; path = UDPReceiverBlock.m; sourceTree = "<group>"; };
		1F59A5611697924700F744C3 /* Icon.png */ = {isa = PBXFileReference; lastKnownFileType = image.png; path = Icon.png; sourceTree = "<group>"; };
		1F59A5621697924700F744C3 /* Icon@2x.png */ = {isa = PBXFileReference; lastKnownFileType = image.png; path = "Icon@2x.png"; sourceTree = "<group>"; };
		1F59A5661697941000F744C3 /* TouchInputView.h */ = {isa = PBXFileReference; fileEncoding = 4; lastKnownFileType = sourcecode.c.h; path = TouchInputView.h; sourceTree = "<group>"; };
		1F59A5671697941000F744C3 /* TouchInputView.m */ = {isa = PBXFileReference; fileEncoding = 4; lastKnownFileType = sourcecode.c.objc; path = TouchInputView.m; sourceTree = "<group>"; };
		1F59A574169B4CDA00F744C3 /* TouchInputViewController.h */ = {isa = PBXFileReference; fileEncoding = 4; lastKnownFileType = sourcecode.c.h; path = TouchInputViewController.h; sourceTree = "<group>"; };
		1F59A575169B4CDA00F744C3 /* TouchInputViewController.m */ = {isa = PBXFileReference; fileEncoding = 4; lastKnownFileType = sourcecode.c.objc; path = TouchInputViewController.m; sourceTree = "<group>"; };
		1F59A577169B4F9D00F744C3 /* UIView+BACookie.h */ = {isa = PBXFileReference; fileEncoding = 4; lastKnownFileType = sourcecode.c.h; path = "UIView+BACookie.h"; sourceTree = "<group>"; };
		1F59A578169B4F9D00F744C3 /* UIView+BACookie.m */ = {isa = PBXFileReference; fileEncoding = 4; lastKnownFileType = sourcecode.c.objc; path = "UIView+BACookie.m"; sourceTree = "<group>"; };
		1F5A9A7016A6E0C400E1CB0C /* mdump.c */ = {isa = PBXFileReference; lastKnownFileType = sourcecode.c.c; path = mdump.c; sourceTree = "<group>"; };
		1F5A9A7216A6E0C400E1CB0C /* udpc.c */ = {isa = PBXFileReference; lastKnownFileType = sourcecode.c.c; path = udpc.c; sourceTree = "<group>"; };
		1F5A9A7416A6E0C400E1CB0C /* udps.c */ = {isa = PBXFileReference; lastKnownFileType = sourcecode.c.c; path = udps.c; sourceTree = "<group>"; };
		1F5A9A7B16A6E12700E1CB0C /* mdump */ = {isa = PBXFileReference; explicitFileType = "compiled.mach-o.executable"; includeInIndex = 0; path = mdump; sourceTree = BUILT_PRODUCTS_DIR; };
		1F67136C16A44FD300408994 /* Workspace.h */ = {isa = PBXFileReference; fileEncoding = 4; lastKnownFileType = sourcecode.c.h; path = Workspace.h; sourceTree = "<group>"; };
		1F67136D16A44FD300408994 /* Workspace.m */ = {isa = PBXFileReference; fileEncoding = 4; lastKnownFileType = sourcecode.c.objc; path = Workspace.m; sourceTree = "<group>"; };
		1F6F330416A8ABFD00C1AE84 /* SineBlock.h */ = {isa = PBXFileReference; fileEncoding = 4; lastKnownFileType = sourcecode.c.h; path = SineBlock.h; sourceTree = "<group>"; };
		1F6F330516A8ABFD00C1AE84 /* SineBlock.m */ = {isa = PBXFileReference; fileEncoding = 4; lastKnownFileType = sourcecode.c.objc; path = SineBlock.m; sourceTree = "<group>"; };
		1F6F330716A8B40400C1AE84 /* AverageOptionCell.h */ = {isa = PBXFileReference; fileEncoding = 4; lastKnownFileType = sourcecode.c.h; path = AverageOptionCell.h; sourceTree = "<group>"; };
		1F6F330816A8B40400C1AE84 /* AverageOptionCell.m */ = {isa = PBXFileReference; fileEncoding = 4; lastKnownFileType = sourcecode.c.objc; path = AverageOptionCell.m; sourceTree = "<group>"; };
		1F6F330A16A8B42400C1AE84 /* AverageOptionCell.xib */ = {isa = PBXFileReference; fileEncoding = 4; lastKnownFileType = file.xib; path = AverageOptionCell.xib; sourceTree = "<group>"; };
		1F80CD2C16A0BED400211FF8 /* BlockOptionsViewController.h */ = {isa = PBXFileReference; fileEncoding = 4; lastKnownFileType = sourcecode.c.h; path = BlockOptionsViewController.h; sourceTree = "<group>"; };
		1F80CD2D16A0BED400211FF8 /* BlockOptionsViewController.m */ = {isa = PBXFileReference; fileEncoding = 4; lastKnownFileType = sourcecode.c.objc; path = BlockOptionsViewController.m; sourceTree = "<group>"; };
		1F80CD2F16A0CD0A00211FF8 /* SocketOptionCell.h */ = {isa = PBXFileReference; fileEncoding = 4; lastKnownFileType = sourcecode.c.h; path = SocketOptionCell.h; sourceTree = "<group>"; };
		1F80CD3016A0CD0A00211FF8 /* SocketOptionCell.m */ = {isa = PBXFileReference; fileEncoding = 4; lastKnownFileType = sourcecode.c.objc; path = SocketOptionCell.m; sourceTree = "<group>"; };
		1F80CD3216A0CD7300211FF8 /* SocketOptionCell.xib */ = {isa = PBXFileReference; fileEncoding = 4; lastKnownFileType = file.xib; path = SocketOptionCell.xib; sourceTree = "<group>"; };
		1F83F1DA168002D80014CFDD /* README.txt */ = {isa = PBXFileReference; fileEncoding = 4; lastKnownFileType = text; name = README.txt; path = ../README.txt; sourceTree = "<group>"; };
		1F96CD64167EED1B00C63FEE /* UITableView+BALoading.h */ = {isa = PBXFileReference; fileEncoding = 4; lastKnownFileType = sourcecode.c.h; path = "UITableView+BALoading.h"; sourceTree = "<group>"; };
		1F96CD65167EED1B00C63FEE /* UITableView+BALoading.m */ = {isa = PBXFileReference; fileEncoding = 4; lastKnownFileType = sourcecode.c.objc; path = "UITableView+BALoading.m"; sourceTree = "<group>"; };
		1FA5A42816B881F20069F418 /* WorkspacesViewController.h */ = {isa = PBXFileReference; fileEncoding = 4; lastKnownFileType = sourcecode.c.h; path = WorkspacesViewController.h; sourceTree = "<group>"; };
		1FA5A42916B881F20069F418 /* WorkspacesViewController.m */ = {isa = PBXFileReference; fileEncoding = 4; lastKnownFileType = sourcecode.c.objc; path = WorkspacesViewController.m; sourceTree = "<group>"; };
		1FC76E3A169DFFDE003BDDF8 /* Signal.h */ = {isa = PBXFileReference; fileEncoding = 4; lastKnownFileType = sourcecode.c.h; path = Signal.h; sourceTree = "<group>"; };
		1FC76E3B169DFFDE003BDDF8 /* Signal.m */ = {isa = PBXFileReference; fileEncoding = 4; lastKnownFileType = sourcecode.c.objc; path = Signal.m; sourceTree = "<group>"; };
		1FC76E3E169E07B3003BDDF8 /* Block.h */ = {isa = PBXFileReference; fileEncoding = 4; lastKnownFileType = sourcecode.c.h; path = Block.h; sourceTree = "<group>"; };
		1FC76E3F169E07B3003BDDF8 /* Block.m */ = {isa = PBXFileReference; fileEncoding = 4; lastKnownFileType = sourcecode.c.objc; path = Block.m; sourceTree = "<group>"; };
		1FC76E41169E1092003BDDF8 /* UDPSenderBlock.h */ = {isa = PBXFileReference; fileEncoding = 4; lastKnownFileType = sourcecode.c.h; path = UDPSenderBlock.h; sourceTree = "<group>"; };
		1FC76E42169E1092003BDDF8 /* UDPSenderBlock.m */ = {isa = PBXFileReference; fileEncoding = 4; lastKnownFileType = sourcecode.c.objc; path = UDPSenderBlock.m; sourceTree = "<group>"; };
		1FC76E44169E1B59003BDDF8 /* MotionBlock.h */ = {isa = PBXFileReference; fileEncoding = 4; lastKnownFileType = sourcecode.c.h; path = MotionBlock.h; sourceTree = "<group>"; };
		1FC76E45169E1B59003BDDF8 /* MotionBlock.m */ = {isa = PBXFileReference; fileEncoding = 4; lastKnownFileType = sourcecode.c.objc; path = MotionBlock.m; sourceTree = "<group>"; };
		1FC76E4A169E2506003BDDF8 /* LocationBlock.h */ = {isa = PBXFileReference; fileEncoding = 4; lastKnownFileType = sourcecode.c.h; path = LocationBlock.h; sourceTree = "<group>"; };
		1FC76E4B169E2506003BDDF8 /* LocationBlock.m */ = {isa = PBXFileReference; fileEncoding = 4; lastKnownFileType = sourcecode.c.objc; path = LocationBlock.m; sourceTree = "<group>"; };
		1FC76E4D169E27EA003BDDF8 /* LoggingBlock.h */ = {isa = PBXFileReference; fileEncoding = 4; lastKnownFileType = sourcecode.c.h; path = LoggingBlock.h; sourceTree = "<group>"; };
		1FC76E4E169E27EA003BDDF8 /* LoggingBlock.m */ = {isa = PBXFileReference; fileEncoding = 4; lastKnownFileType = sourcecode.c.objc; path = LoggingBlock.m; sourceTree = "<group>"; };
		1FC76E51169E2CB2003BDDF8 /* ProximityBlock.h */ = {isa = PBXFileReference; fileEncoding = 4; lastKnownFileType = sourcecode.c.h; path = ProximityBlock.h; sourceTree = "<group>"; };
		1FC76E52169E2CB2003BDDF8 /* ProximityBlock.m */ = {isa = PBXFileReference; fileEncoding = 4; lastKnownFileType = sourcecode.c.objc; path = ProximityBlock.m; sourceTree = "<group>"; };
		1FC76E54169E2F57003BDDF8 /* TouchInputBlock.h */ = {isa = PBXFileReference; fileEncoding = 4; lastKnownFileType = sourcecode.c.h; path = TouchInputBlock.h; sourceTree = "<group>"; };
		1FC76E55169E2F57003BDDF8 /* TouchInputBlock.m */ = {isa = PBXFileReference; fileEncoding = 4; lastKnownFileType = sourcecode.c.objc; path = TouchInputBlock.m; sourceTree = "<group>"; };
		1FC76E57169F09B0003BDDF8 /* GroupBlock.h */ = {isa = PBXFileReference; fileEncoding = 4; lastKnownFileType = sourcecode.c.h; path = GroupBlock.h; sourceTree = "<group>"; };
		1FC76E58169F09B0003BDDF8 /* GroupBlock.m */ = {isa = PBXFileReference; fileEncoding = 4; lastKnownFileType = sourcecode.c.objc; path = GroupBlock.m; sourceTree = "<group>"; };
		1FC76E5A169F14B5003BDDF8 /* SequencerBlock.h */ = {isa = PBXFileReference; fileEncoding = 4; lastKnownFileType = sourcecode.c.h; path = SequencerBlock.h; sourceTree = "<group>"; };
		1FC76E5B169F14B5003BDDF8 /* SequencerBlock.m */ = {isa = PBXFileReference; fileEncoding = 4; lastKnownFileType = sourcecode.c.objc; path = SequencerBlock.m; sourceTree = "<group>"; };
		1FC76E7E169F6963003BDDF8 /* GroupBlockViewController.h */ = {isa = PBXFileReference; fileEncoding = 4; lastKnownFileType = sourcecode.c.h; path = GroupBlockViewController.h; sourceTree = "<group>"; };
		1FC76E7F169F6963003BDDF8 /* GroupBlockViewController.m */ = {isa = PBXFileReference; fileEncoding = 4; lastKnownFileType = sourcecode.c.objc; path = GroupBlockViewController.m; sourceTree = "<group>"; };
		1FF1115F167BAAD100972344 /* MBlock.app */ = {isa = PBXFileReference; explicitFileType = wrapper.application; includeInIndex = 0; path = MBlock.app; sourceTree = BUILT_PRODUCTS_DIR; };
		1FF11163167BAAD100972344 /* UIKit.framework */ = {isa = PBXFileReference; lastKnownFileType = wrapper.framework; name = UIKit.framework; path = System/Library/Frameworks/UIKit.framework; sourceTree = SDKROOT; };
		1FF11165167BAAD100972344 /* Foundation.framework */ = {isa = PBXFileReference; lastKnownFileType = wrapper.framework; name = Foundation.framework; path = System/Library/Frameworks/Foundation.framework; sourceTree = SDKROOT; };
		1FF11167167BAAD100972344 /* CoreGraphics.framework */ = {isa = PBXFileReference; lastKnownFileType = wrapper.framework; name = CoreGraphics.framework; path = System/Library/Frameworks/CoreGraphics.framework; sourceTree = SDKROOT; };
		1FF1116B167BAAD100972344 /* MBlock-Info.plist */ = {isa = PBXFileReference; lastKnownFileType = text.plist.xml; path = "MBlock-Info.plist"; sourceTree = "<group>"; };
		1FF1116D167BAAD100972344 /* en */ = {isa = PBXFileReference; lastKnownFileType = text.plist.strings; name = en; path = en.lproj/InfoPlist.strings; sourceTree = "<group>"; };
		1FF1116F167BAAD100972344 /* main.m */ = {isa = PBXFileReference; lastKnownFileType = sourcecode.c.objc; path = main.m; sourceTree = "<group>"; };
		1FF11171167BAAD100972344 /* MBlock-Prefix.pch */ = {isa = PBXFileReference; lastKnownFileType = sourcecode.c.h; path = "MBlock-Prefix.pch"; sourceTree = "<group>"; };
		1FF11172167BAAD100972344 /* AppDelegate.h */ = {isa = PBXFileReference; lastKnownFileType = sourcecode.c.h; path = AppDelegate.h; sourceTree = "<group>"; };
		1FF11173167BAAD100972344 /* AppDelegate.m */ = {isa = PBXFileReference; lastKnownFileType = sourcecode.c.objc; path = AppDelegate.m; sourceTree = "<group>"; };
		1FF11175167BAAD100972344 /* Default.png */ = {isa = PBXFileReference; lastKnownFileType = image.png; path = Default.png; sourceTree = "<group>"; };
		1FF11177167BAAD100972344 /* Default@2x.png */ = {isa = PBXFileReference; lastKnownFileType = image.png; path = "Default@2x.png"; sourceTree = "<group>"; };
		1FF11179167BAAD100972344 /* Default-568h@2x.png */ = {isa = PBXFileReference; lastKnownFileType = image.png; path = "Default-568h@2x.png"; sourceTree = "<group>"; };
		1FF1118A167BAD1E00972344 /* CoreLocation.framework */ = {isa = PBXFileReference; lastKnownFileType = wrapper.framework; name = CoreLocation.framework; path = System/Library/Frameworks/CoreLocation.framework; sourceTree = SDKROOT; };
		1FF1118C167BAD2600972344 /* CoreMotion.framework */ = {isa = PBXFileReference; lastKnownFileType = wrapper.framework; name = CoreMotion.framework; path = System/Library/Frameworks/CoreMotion.framework; sourceTree = SDKROOT; };
		1FF1118E167BB2B800972344 /* CFNetwork.framework */ = {isa = PBXFileReference; lastKnownFileType = wrapper.framework; name = CFNetwork.framework; path = System/Library/Frameworks/CFNetwork.framework; sourceTree = SDKROOT; };
		1FFDFF541697717F0049B8DF /* FrequencyOptionCell.h */ = {isa = PBXFileReference; fileEncoding = 4; lastKnownFileType = sourcecode.c.h; path = FrequencyOptionCell.h; sourceTree = "<group>"; };
		1FFDFF551697717F0049B8DF /* FrequencyOptionCell.m */ = {isa = PBXFileReference; fileEncoding = 4; lastKnownFileType = sourcecode.c.objc; path = FrequencyOptionCell.m; sourceTree = "<group>"; };
		1FFDFF59169772AF0049B8DF /* FrequencyOptionCell.xib */ = {isa = PBXFileReference; fileEncoding = 4; lastKnownFileType = file.xib; path = FrequencyOptionCell.xib; sourceTree = "<group>"; };
/* End PBXFileReference section */

/* Begin PBXFrameworksBuildPhase section */
		1F5A9A7816A6E12700E1CB0C /* Frameworks */ = {
			isa = PBXFrameworksBuildPhase;
			buildActionMask = 2147483647;
			files = (
			);
			runOnlyForDeploymentPostprocessing = 0;
		};
		1FF1115C167BAAD100972344 /* Frameworks */ = {
			isa = PBXFrameworksBuildPhase;
			buildActionMask = 2147483647;
			files = (
				1F356FC916B8621400F1BA1A /* Security.framework in Frameworks */,
				1F356FC716B861C800F1BA1A /* CFNetwork.framework in Frameworks */,
				1FF1118D167BAD2600972344 /* CoreMotion.framework in Frameworks */,
				1FF1118B167BAD1E00972344 /* CoreLocation.framework in Frameworks */,
				1FF11164167BAAD100972344 /* UIKit.framework in Frameworks */,
				1FF11166167BAAD100972344 /* Foundation.framework in Frameworks */,
				1FF11168167BAAD100972344 /* CoreGraphics.framework in Frameworks */,
			);
			runOnlyForDeploymentPostprocessing = 0;
		};
/* End PBXFrameworksBuildPhase section */

/* Begin PBXGroup section */
		1F356FBD16B8616700F1BA1A /* AsyncSocket */ = {
			isa = PBXGroup;
			children = (
				1F356FC116B8618B00F1BA1A /* GCDAsyncSocket.h */,
				1F356FC216B8618B00F1BA1A /* GCDAsyncSocket.m */,
				1F356FC316B8618B00F1BA1A /* GCDAsyncUdpSocket.h */,
				1F356FC416B8618B00F1BA1A /* GCDAsyncUdpSocket.m */,
				1F356FBE16B8617F00F1BA1A /* DDLog.h */,
				1F356FBF16B8617F00F1BA1A /* DDLog.m */,
			);
			name = AsyncSocket;
			sourceTree = "<group>";
		};
		1F5A9A6E16A6E0C400E1CB0C /* comm */ = {
			isa = PBXGroup;
			children = (
				1F5A9A7016A6E0C400E1CB0C /* mdump.c */,
				1F5A9A7216A6E0C400E1CB0C /* udpc.c */,
				1F5A9A7416A6E0C400E1CB0C /* udps.c */,
			);
			path = comm;
			sourceTree = "<group>";
		};
		1FB66DEB16B338AD00ED2476 /* Generators */ = {
			isa = PBXGroup;
			children = (
				1FC76E44169E1B59003BDDF8 /* MotionBlock.h */,
				1FC76E45169E1B59003BDDF8 /* MotionBlock.m */,
				1FC76E4A169E2506003BDDF8 /* LocationBlock.h */,
				1FC76E4B169E2506003BDDF8 /* LocationBlock.m */,
				1FC76E51169E2CB2003BDDF8 /* ProximityBlock.h */,
				1FC76E52169E2CB2003BDDF8 /* ProximityBlock.m */,
				1F6F330416A8ABFD00C1AE84 /* SineBlock.h */,
				1F6F330516A8ABFD00C1AE84 /* SineBlock.m */,
				1F59A5661697941000F744C3 /* TouchInputView.h */,
				1F59A5671697941000F744C3 /* TouchInputView.m */,
				1F59A574169B4CDA00F744C3 /* TouchInputViewController.h */,
				1F59A575169B4CDA00F744C3 /* TouchInputViewController.m */,
				1FC76E54169E2F57003BDDF8 /* TouchInputBlock.h */,
				1FC76E55169E2F57003BDDF8 /* TouchInputBlock.m */,
			);
			name = Generators;
			sourceTree = "<group>";
		};
		1FB66DED16B3390700ED2476 /* IO */ = {
			isa = PBXGroup;
			children = (
				1FC76E4D169E27EA003BDDF8 /* LoggingBlock.h */,
				1FC76E4E169E27EA003BDDF8 /* LoggingBlock.m */,
				1FC76E41169E1092003BDDF8 /* UDPSenderBlock.h */,
				1FC76E42169E1092003BDDF8 /* UDPSenderBlock.m */,
				1F356FCA16B8640600F1BA1A /* UDPReceiverBlock.h */,
				1F356FCB16B8640600F1BA1A /* UDPReceiverBlock.m */,
			);
			name = IO;
			sourceTree = "<group>";
		};
		1FB66DEE16B3390F00ED2476 /* Other */ = {
			isa = PBXGroup;
			children = (
				1FC76E57169F09B0003BDDF8 /* GroupBlock.h */,
				1FC76E58169F09B0003BDDF8 /* GroupBlock.m */,
				1FC76E5A169F14B5003BDDF8 /* SequencerBlock.h */,
				1FC76E5B169F14B5003BDDF8 /* SequencerBlock.m */,
			);
			name = Other;
			sourceTree = "<group>";
		};
		1FC76E50169E2C6E003BDDF8 /* Blocks */ = {
			isa = PBXGroup;
			children = (
				1FB66DEE16B3390F00ED2476 /* Other */,
				1FB66DED16B3390700ED2476 /* IO */,
				1FB66DEB16B338AD00ED2476 /* Generators */,
				1FC76E3A169DFFDE003BDDF8 /* Signal.h */,
				1FC76E3B169DFFDE003BDDF8 /* Signal.m */,
				1FC76E3E169E07B3003BDDF8 /* Block.h */,
				1FC76E3F169E07B3003BDDF8 /* Block.m */,
				1F67136C16A44FD300408994 /* Workspace.h */,
				1F67136D16A44FD300408994 /* Workspace.m */,
				1F0D4CA016B06E4000A7E010 /* BlockCategory.h */,
				1F0D4CA116B06E4000A7E010 /* BlockCategory.m */,
			);
			name = Blocks;
			sourceTree = "<group>";
		};
		1FC76E7C169F6862003BDDF8 /* Blocks UI */ = {
			isa = PBXGroup;
			children = (
				1FA5A42816B881F20069F418 /* WorkspacesViewController.h */,
				1FA5A42916B881F20069F418 /* WorkspacesViewController.m */,
				1FC76E7E169F6963003BDDF8 /* GroupBlockViewController.h */,
				1FC76E7F169F6963003BDDF8 /* GroupBlockViewController.m */,
				1F0D4CA416B079DB00A7E010 /* GroupBlockViewController.xib */,
				1F80CD2C16A0BED400211FF8 /* BlockOptionsViewController.h */,
				1F80CD2D16A0BED400211FF8 /* BlockOptionsViewController.m */,
				1FFDFF541697717F0049B8DF /* FrequencyOptionCell.h */,
				1FFDFF551697717F0049B8DF /* FrequencyOptionCell.m */,
				1FFDFF59169772AF0049B8DF /* FrequencyOptionCell.xib */,
				1F80CD2F16A0CD0A00211FF8 /* SocketOptionCell.h */,
				1F80CD3016A0CD0A00211FF8 /* SocketOptionCell.m */,
				1F80CD3216A0CD7300211FF8 /* SocketOptionCell.xib */,
				1F6F330716A8B40400C1AE84 /* AverageOptionCell.h */,
				1F6F330816A8B40400C1AE84 /* AverageOptionCell.m */,
				1F6F330A16A8B42400C1AE84 /* AverageOptionCell.xib */,
			);
			name = "Blocks UI";
			sourceTree = "<group>";
		};
		1FC76E7D169F6875003BDDF8 /* UI */ = {
			isa = PBXGroup;
			children = (
				1F59A577169B4F9D00F744C3 /* UIView+BACookie.h */,
				1F59A578169B4F9D00F744C3 /* UIView+BACookie.m */,
				1F153A4D167FEF480046C7EC /* BAKeyboardTracker.h */,
				1F153A4E167FEF480046C7EC /* BAKeyboardTracker.m */,
				1F96CD64167EED1B00C63FEE /* UITableView+BALoading.h */,
				1F96CD65167EED1B00C63FEE /* UITableView+BALoading.m */,
				1FF11172167BAAD100972344 /* AppDelegate.h */,
				1FF11173167BAAD100972344 /* AppDelegate.m */,
			);
			name = UI;
			sourceTree = "<group>";
		};
		1FF11154167BAAD100972344 = {
			isa = PBXGroup;
			children = (
				1F5A9A6E16A6E0C400E1CB0C /* comm */,
				1FF11169167BAAD100972344 /* MBlock */,
				1FF11162167BAAD100972344 /* Frameworks */,
				1FF11160167BAAD100972344 /* Products */,
			);
			sourceTree = "<group>";
		};
		1FF11160167BAAD100972344 /* Products */ = {
			isa = PBXGroup;
			children = (
				1FF1115F167BAAD100972344 /* MBlock.app */,
				1F5A9A7B16A6E12700E1CB0C /* mdump */,
			);
			name = Products;
			sourceTree = "<group>";
		};
		1FF11162167BAAD100972344 /* Frameworks */ = {
			isa = PBXGroup;
			children = (
				1F356FC816B8621400F1BA1A /* Security.framework */,
				1FF1118E167BB2B800972344 /* CFNetwork.framework */,
				1FF1118C167BAD2600972344 /* CoreMotion.framework */,
				1FF1118A167BAD1E00972344 /* CoreLocation.framework */,
				1FF11163167BAAD100972344 /* UIKit.framework */,
				1FF11165167BAAD100972344 /* Foundation.framework */,
				1FF11167167BAAD100972344 /* CoreGraphics.framework */,
			);
			name = Frameworks;
			sourceTree = "<group>";
		};
		1FF11169167BAAD100972344 /* MBlock */ = {
			isa = PBXGroup;
			children = (
				1F356FBD16B8616700F1BA1A /* AsyncSocket */,
				1FC76E7D169F6875003BDDF8 /* UI */,
				1FC76E50169E2C6E003BDDF8 /* Blocks */,
				1FC76E7C169F6862003BDDF8 /* Blocks UI */,
				1FF1116A167BAAD100972344 /* Supporting Files */,
			);
			path = MBlock;
			sourceTree = "<group>";
		};
		1FF1116A167BAAD100972344 /* Supporting Files */ = {
			isa = PBXGroup;
			children = (
				1F83F1DA168002D80014CFDD /* README.txt */,
				1FF1116B167BAAD100972344 /* MBlock-Info.plist */,
				1FF1116C167BAAD100972344 /* InfoPlist.strings */,
				1FF1116F167BAAD100972344 /* main.m */,
				1FF11171167BAAD100972344 /* MBlock-Prefix.pch */,
				1F59A5611697924700F744C3 /* Icon.png */,
				1F59A5621697924700F744C3 /* Icon@2x.png */,
				1FF11175167BAAD100972344 /* Default.png */,
				1FF11177167BAAD100972344 /* Default@2x.png */,
				1FF11179167BAAD100972344 /* Default-568h@2x.png */,
			);
			name = "Supporting Files";
			sourceTree = "<group>";
		};
/* End PBXGroup section */

/* Begin PBXNativeTarget section */
		1F5A9A7A16A6E12700E1CB0C /* mdump */ = {
			isa = PBXNativeTarget;
			buildConfigurationList = 1F5A9A8216A6E12700E1CB0C /* Build configuration list for PBXNativeTarget "mdump" */;
			buildPhases = (
				1F5A9A7716A6E12700E1CB0C /* Sources */,
				1F5A9A7816A6E12700E1CB0C /* Frameworks */,
				1F5A9A7916A6E12700E1CB0C /* CopyFiles */,
			);
			buildRules = (
			);
			dependencies = (
			);
			name = mdump;
			productName = mdump;
			productReference = 1F5A9A7B16A6E12700E1CB0C /* mdump */;
			productType = "com.apple.product-type.tool";
		};
		1FF1115E167BAAD100972344 /* MBlock */ = {
			isa = PBXNativeTarget;
			buildConfigurationList = 1FF11183167BAAD100972344 /* Build configuration list for PBXNativeTarget "MBlock" */;
			buildPhases = (
				1FF1115B167BAAD100972344 /* Sources */,
				1FF1115C167BAAD100972344 /* Frameworks */,
				1FF1115D167BAAD100972344 /* Resources */,
			);
			buildRules = (
			);
			dependencies = (
			);
			name = MBlock;
			productName = MBlock;
			productReference = 1FF1115F167BAAD100972344 /* MBlock.app */;
			productType = "com.apple.product-type.application";
		};
/* End PBXNativeTarget section */

/* Begin PBXProject section */
		1FF11156167BAAD100972344 /* Project object */ = {
			isa = PBXProject;
			attributes = {
				LastUpgradeCheck = 0450;
				ORGANIZATIONNAME = "Dmitry Stadnik";
			};
			buildConfigurationList = 1FF11159167BAAD100972344 /* Build configuration list for PBXProject "MBlock" */;
			compatibilityVersion = "Xcode 3.2";
			developmentRegion = English;
			hasScannedForEncodings = 0;
			knownRegions = (
				en,
			);
			mainGroup = 1FF11154167BAAD100972344;
			productRefGroup = 1FF11160167BAAD100972344 /* Products */;
			projectDirPath = "";
			projectRoot = "";
			targets = (
				1FF1115E167BAAD100972344 /* MBlock */,
				1F5A9A7A16A6E12700E1CB0C /* mdump */,
			);
		};
/* End PBXProject section */

/* Begin PBXResourcesBuildPhase section */
		1FF1115D167BAAD100972344 /* Resources */ = {
			isa = PBXResourcesBuildPhase;
			buildActionMask = 2147483647;
			files = (
				1FF1116E167BAAD100972344 /* InfoPlist.strings in Resources */,
				1FF11176167BAAD100972344 /* Default.png in Resources */,
				1FF11178167BAAD100972344 /* Default@2x.png in Resources */,
				1FF1117A167BAAD100972344 /* Default-568h@2x.png in Resources */,
				1F83F1DB168002D80014CFDD /* README.txt in Resources */,
				1FFDFF5A169772AF0049B8DF /* FrequencyOptionCell.xib in Resources */,
				1F59A5631697924700F744C3 /* Icon.png in Resources */,
				1F59A5641697924700F744C3 /* Icon@2x.png in Resources */,
				1F80CD3316A0CD7300211FF8 /* SocketOptionCell.xib in Resources */,
				1F6F330B16A8B42400C1AE84 /* AverageOptionCell.xib in Resources */,
				1F0D4CA516B079DB00A7E010 /* GroupBlockViewController.xib in Resources */,
			);
			runOnlyForDeploymentPostprocessing = 0;
		};
/* End PBXResourcesBuildPhase section */

/* Begin PBXSourcesBuildPhase section */
		1F5A9A7716A6E12700E1CB0C /* Sources */ = {
			isa = PBXSourcesBuildPhase;
			buildActionMask = 2147483647;
			files = (
				1F5A9A8616A6E16900E1CB0C /* mdump.c in Sources */,
			);
			runOnlyForDeploymentPostprocessing = 0;
		};
		1FF1115B167BAAD100972344 /* Sources */ = {
			isa = PBXSourcesBuildPhase;
			buildActionMask = 2147483647;
			files = (
				1FF11170167BAAD100972344 /* main.m in Sources */,
				1FF11174167BAAD100972344 /* AppDelegate.m in Sources */,
				1F96CD66167EED1B00C63FEE /* UITableView+BALoading.m in Sources */,
				1F153A4F167FEF480046C7EC /* BAKeyboardTracker.m in Sources */,
				1FFDFF56169771800049B8DF /* FrequencyOptionCell.m in Sources */,
				1F59A5681697941000F744C3 /* TouchInputView.m in Sources */,
				1F59A576169B4CDA00F744C3 /* TouchInputViewController.m in Sources */,
				1F59A579169B4F9D00F744C3 /* UIView+BACookie.m in Sources */,
				1FC76E3C169DFFDE003BDDF8 /* Signal.m in Sources */,
				1FC76E40169E07B3003BDDF8 /* Block.m in Sources */,
				1FC76E43169E1092003BDDF8 /* UDPSenderBlock.m in Sources */,
				1FC76E46169E1B59003BDDF8 /* MotionBlock.m in Sources */,
				1FC76E4C169E2507003BDDF8 /* LocationBlock.m in Sources */,
				1FC76E4F169E27EB003BDDF8 /* LoggingBlock.m in Sources */,
				1FC76E53169E2CB2003BDDF8 /* ProximityBlock.m in Sources */,
				1FC76E56169E2F57003BDDF8 /* TouchInputBlock.m in Sources */,
				1FC76E59169F09B0003BDDF8 /* GroupBlock.m in Sources */,
				1FC76E5C169F14B5003BDDF8 /* SequencerBlock.m in Sources */,
				1FC76E80169F6963003BDDF8 /* GroupBlockViewController.m in Sources */,
				1F80CD2E16A0BED400211FF8 /* BlockOptionsViewController.m in Sources */,
				1F80CD3116A0CD0A00211FF8 /* SocketOptionCell.m in Sources */,
				1F67136E16A44FD300408994 /* Workspace.m in Sources */,
				1F6F330616A8ABFD00C1AE84 /* SineBlock.m in Sources */,
				1F6F330916A8B40400C1AE84 /* AverageOptionCell.m in Sources */,
				1F0D4CA216B06E4000A7E010 /* BlockCategory.m in Sources */,
				1F356FC016B8617F00F1BA1A /* DDLog.m in Sources */,
				1F356FC516B8618B00F1BA1A /* GCDAsyncSocket.m in Sources */,
				1F356FC616B8618B00F1BA1A /* GCDAsyncUdpSocket.m in Sources */,
				1F356FCC16B8640600F1BA1A /* UDPReceiverBlock.m in Sources */,
				1FA5A42A16B881F20069F418 /* WorkspacesViewController.m in Sources */,
			);
			runOnlyForDeploymentPostprocessing = 0;
		};
/* End PBXSourcesBuildPhase section */

/* Begin PBXVariantGroup section */
		1FF1116C167BAAD100972344 /* InfoPlist.strings */ = {
			isa = PBXVariantGroup;
			children = (
				1FF1116D167BAAD100972344 /* en */,
			);
			name = InfoPlist.strings;
			sourceTree = "<group>";
		};
/* End PBXVariantGroup section */

/* Begin XCBuildConfiguration section */
		1F5A9A8316A6E12700E1CB0C /* Debug */ = {
			isa = XCBuildConfiguration;
			buildSettings = {
				ARCHS = "$(ARCHS_STANDARD_64_BIT)";
				GCC_ENABLE_OBJC_EXCEPTIONS = YES;
				GCC_WARN_64_TO_32_BIT_CONVERSION = YES;
				MACOSX_DEPLOYMENT_TARGET = 10.8;
				PRODUCT_NAME = "$(TARGET_NAME)";
				SDKROOT = macosx;
			};
			name = Debug;
		};
		1F5A9A8416A6E12700E1CB0C /* AdHoc */ = {
			isa = XCBuildConfiguration;
			buildSettings = {
				ARCHS = "$(ARCHS_STANDARD_64_BIT)";
				DEBUG_INFORMATION_FORMAT = "dwarf-with-dsym";
				GCC_ENABLE_OBJC_EXCEPTIONS = YES;
				GCC_WARN_64_TO_32_BIT_CONVERSION = YES;
				MACOSX_DEPLOYMENT_TARGET = 10.8;
				PRODUCT_NAME = "$(TARGET_NAME)";
				SDKROOT = macosx;
			};
			name = AdHoc;
		};
		1F5A9A8516A6E12700E1CB0C /* Release */ = {
			isa = XCBuildConfiguration;
			buildSettings = {
				ARCHS = "$(ARCHS_STANDARD_64_BIT)";
				DEBUG_INFORMATION_FORMAT = "dwarf-with-dsym";
				GCC_ENABLE_OBJC_EXCEPTIONS = YES;
				GCC_WARN_64_TO_32_BIT_CONVERSION = YES;
				MACOSX_DEPLOYMENT_TARGET = 10.8;
				PRODUCT_NAME = "$(TARGET_NAME)";
				SDKROOT = macosx;
			};
			name = Release;
		};
		1F74ED1316823B1000AB13E8 /* AdHoc */ = {
			isa = XCBuildConfiguration;
			buildSettings = {
				ALWAYS_SEARCH_USER_PATHS = NO;
				CLANG_CXX_LANGUAGE_STANDARD = "gnu++0x";
				CLANG_CXX_LIBRARY = "libc++";
				CLANG_ENABLE_OBJC_ARC = YES;
				CLANG_WARN_EMPTY_BODY = YES;
				CLANG_WARN__DUPLICATE_METHOD_MATCH = YES;
				"CODE_SIGN_IDENTITY[sdk=iphoneos*]" = "iPhone Developer";
				COPY_PHASE_STRIP = NO;
				GCC_C_LANGUAGE_STANDARD = gnu99;
				GCC_DYNAMIC_NO_PIC = NO;
				GCC_OPTIMIZATION_LEVEL = 0;
				GCC_PREPROCESSOR_DEFINITIONS = "$(inherited)";
				GCC_SYMBOLS_PRIVATE_EXTERN = NO;
				GCC_WARN_ABOUT_RETURN_TYPE = YES;
				GCC_WARN_UNINITIALIZED_AUTOS = YES;
				GCC_WARN_UNUSED_VARIABLE = YES;
				IPHONEOS_DEPLOYMENT_TARGET = 6.0;
				ONLY_ACTIVE_ARCH = YES;
				SDKROOT = iphoneos;
			};
			name = AdHoc;
		};
		1F74ED1416823B1000AB13E8 /* AdHoc */ = {
			isa = XCBuildConfiguration;
			buildSettings = {
				"CODE_SIGN_IDENTITY[sdk=iphoneos*]" = "iPhone Distribution: Dmitry Stadnik";
				GCC_PRECOMPILE_PREFIX_HEADER = YES;
				GCC_PREFIX_HEADER = "MBlock/MBlock-Prefix.pch";
				INFOPLIST_FILE = "MBlock/MBlock-Info.plist";
				PRODUCT_NAME = "$(TARGET_NAME)";
				"PROVISIONING_PROFILE[sdk=iphoneos*]" = "05A602C7-871E-4DFC-90D4-A60417E491F7";
				WRAPPER_EXTENSION = app;
			};
			name = AdHoc;
		};
		1FF11181167BAAD100972344 /* Debug */ = {
			isa = XCBuildConfiguration;
			buildSettings = {
				ALWAYS_SEARCH_USER_PATHS = NO;
				CLANG_CXX_LANGUAGE_STANDARD = "gnu++0x";
				CLANG_CXX_LIBRARY = "libc++";
				CLANG_ENABLE_OBJC_ARC = YES;
				CLANG_WARN_EMPTY_BODY = YES;
				CLANG_WARN__DUPLICATE_METHOD_MATCH = YES;
				"CODE_SIGN_IDENTITY[sdk=iphoneos*]" = "iPhone Developer";
				COPY_PHASE_STRIP = NO;
				GCC_C_LANGUAGE_STANDARD = gnu99;
				GCC_DYNAMIC_NO_PIC = NO;
				GCC_OPTIMIZATION_LEVEL = 0;
				GCC_PREPROCESSOR_DEFINITIONS = (
					"DEBUG=1",
					"$(inherited)",
				);
				GCC_SYMBOLS_PRIVATE_EXTERN = NO;
				GCC_WARN_ABOUT_RETURN_TYPE = YES;
				GCC_WARN_UNINITIALIZED_AUTOS = YES;
				GCC_WARN_UNUSED_VARIABLE = YES;
				IPHONEOS_DEPLOYMENT_TARGET = 6.0;
				ONLY_ACTIVE_ARCH = YES;
				SDKROOT = iphoneos;
			};
			name = Debug;
		};
		1FF11182167BAAD100972344 /* Release */ = {
			isa = XCBuildConfiguration;
			buildSettings = {
				ALWAYS_SEARCH_USER_PATHS = NO;
				CLANG_CXX_LANGUAGE_STANDARD = "gnu++0x";
				CLANG_CXX_LIBRARY = "libc++";
				CLANG_ENABLE_OBJC_ARC = YES;
				CLANG_WARN_EMPTY_BODY = YES;
				CLANG_WARN__DUPLICATE_METHOD_MATCH = YES;
				"CODE_SIGN_IDENTITY[sdk=iphoneos*]" = "iPhone Developer";
				COPY_PHASE_STRIP = YES;
				GCC_C_LANGUAGE_STANDARD = gnu99;
				GCC_WARN_ABOUT_RETURN_TYPE = YES;
				GCC_WARN_UNINITIALIZED_AUTOS = YES;
				GCC_WARN_UNUSED_VARIABLE = YES;
				IPHONEOS_DEPLOYMENT_TARGET = 6.0;
				OTHER_CFLAGS = "-DNS_BLOCK_ASSERTIONS=1";
				SDKROOT = iphoneos;
				VALIDATE_PRODUCT = YES;
			};
			name = Release;
		};
		1FF11184167BAAD100972344 /* Debug */ = {
			isa = XCBuildConfiguration;
			buildSettings = {
				GCC_PRECOMPILE_PREFIX_HEADER = YES;
				GCC_PREFIX_HEADER = "MBlock/MBlock-Prefix.pch";
				INFOPLIST_FILE = "MBlock/MBlock-Info.plist";
				PRODUCT_NAME = "$(TARGET_NAME)";
				WRAPPER_EXTENSION = app;
			};
			name = Debug;
		};
		1FF11185167BAAD100972344 /* Release */ = {
			isa = XCBuildConfiguration;
			buildSettings = {
				GCC_PRECOMPILE_PREFIX_HEADER = YES;
				GCC_PREFIX_HEADER = "MBlock/MBlock-Prefix.pch";
				INFOPLIST_FILE = "MBlock/MBlock-Info.plist";
				PRODUCT_NAME = "$(TARGET_NAME)";
				WRAPPER_EXTENSION = app;
			};
			name = Release;
		};
/* End XCBuildConfiguration section */

/* Begin XCConfigurationList section */
		1F5A9A8216A6E12700E1CB0C /* Build configuration list for PBXNativeTarget "mdump" */ = {
			isa = XCConfigurationList;
			buildConfigurations = (
				1F5A9A8316A6E12700E1CB0C /* Debug */,
				1F5A9A8416A6E12700E1CB0C /* AdHoc */,
				1F5A9A8516A6E12700E1CB0C /* Release */,
			);
			defaultConfigurationIsVisible = 0;
			defaultConfigurationName = Release;
		};
		1FF11159167BAAD100972344 /* Build configuration list for PBXProject "MBlock" */ = {
			isa = XCConfigurationList;
			buildConfigurations = (
				1FF11181167BAAD100972344 /* Debug */,
				1F74ED1316823B1000AB13E8 /* AdHoc */,
				1FF11182167BAAD100972344 /* Release */,
			);
			defaultConfigurationIsVisible = 0;
			defaultConfigurationName = Release;
		};
		1FF11183167BAAD100972344 /* Build configuration list for PBXNativeTarget "MBlock" */ = {
			isa = XCConfigurationList;
			buildConfigurations = (
				1FF11184167BAAD100972344 /* Debug */,
				1F74ED1416823B1000AB13E8 /* AdHoc */,
				1FF11185167BAAD100972344 /* Release */,
			);
			defaultConfigurationIsVisible = 0;
			defaultConfigurationName = Release;
		};
/* End XCConfigurationList section */
	};
	rootObject = 1FF11156167BAAD100972344 /* Project object */;
}
